{
  "name": "@gold-cargo/spa",
  "version": "0.0.0",
  "lockfileVersion": 3,
  "requires": true,
  "packages": {
    "": {
      "name": "@gold-cargo/spa",
      "version": "0.0.0",
      "dependencies": {
        "@fortawesome/fontawesome-svg-core": "^7.2.0",
        "@fortawesome/free-regular-svg-icons": "^7.2.0",
        "@fortawesome/free-solid-svg-icons": "^7.2.0",
        "@fortawesome/vue-fontawesome": "^3.1.3",
        "@primeuix/themes": "^2.0.3",
        "@tailwindcss/vite": "^4.2.1",
        "@vitejs/plugin-vue": "^6.0.2",
        "jspdf": "^4.2.1",
        "jspdf-autotable": "^5.0.7",
        "pinia": "^3.0.4",
        "primevue": "^4.5.4",
        "sass": "^1.97.3",
        "tailwindcss": "^4.2.1",
        "vite": "^7.3.1",
        "vue": "^3.5.25",
        "vue-router": "^5.0.3",
        "xlsx": "^0.18.5"
      }
    },
    "../node_modules/.pnpm/@fortawesome+fontawesome-svg-core@7.2.0/node_modules/@fortawesome/fontawesome-svg-core": {
      "version": "7.2.0",
      "license": "MIT",
      "dependencies": {
        "@fortawesome/fontawesome-common-types": "7.2.0"
      },
      "engines": {
        "node": ">=6"
      }
    },
    "../node_modules/.pnpm/@fortawesome+free-regular-svg-icons@7.2.0/node_modules/@fortawesome/free-regular-svg-icons": {
      "version": "7.2.0",
      "license": "(CC-BY-4.0 AND MIT)",
      "dependencies": {
        "@fortawesome/fontawesome-common-types": "7.2.0"
      },
      "engines": {
        "node": ">=6"
      }
    },
    "../node_modules/.pnpm/@fortawesome+free-solid-svg-icons@7.2.0/node_modules/@fortawesome/free-solid-svg-icons": {
      "version": "7.2.0",
      "license": "(CC-BY-4.0 AND MIT)",
      "dependencies": {
        "@fortawesome/fontawesome-common-types": "7.2.0"
      },
      "engines": {
        "node": ">=6"
      }
    },
    "../node_modules/.pnpm/@fortawesome+vue-fontawesom_e83514d199278a8057416477f0337fb0/node_modules/@fortawesome/vue-fontawesome": {
      "version": "3.1.3",
      "license": "MIT",
      "devDependencies": {
        "@babel/core": "^7.18.2",
        "@babel/plugin-external-helpers": "^7.17.12",
        "@babel/plugin-proposal-class-properties": "^7.17.12",
        "@babel/plugin-proposal-json-strings": "^7.17.12",
        "@babel/plugin-syntax-dynamic-import": "^7.8.3",
        "@babel/plugin-syntax-import-meta": "^7.10.4",
        "@babel/preset-env": "^7.18.2",
        "@fortawesome/fontawesome-svg-core": "^7.0.0",
        "@fortawesome/free-brands-svg-icons": "^7.0.0",
        "@fortawesome/free-solid-svg-icons": "^7.0.0",
        "@rollup/plugin-babel": "^5.3.1",
        "@rollup/plugin-commonjs": "^22.0.0",
        "@rollup/plugin-node-resolve": "^13.3.0",
        "@vue/test-utils": "^2.4.6",
        "babel-core": "^7.0.0-bridge.0",
        "concurrently": "^7.2.1",
        "cross-env": "^7.0.3",
        "humps": "^2.0.1",
        "husky": "^8.0.1",
        "install": "^0.13.0",
        "jsdom": "^22.1.0",
        "lint-staged": "^13.0.0",
        "markdown-toc": "^1.2.0",
        "npm": "^10.2.2",
        "prettier": "^3.0.3",
        "rollup": "^2.75.6",
        "vitest": "^4.0.16",
        "vue": "^3.0.0"
      },
      "peerDependencies": {
        "@fortawesome/fontawesome-svg-core": "~1 || ~6 || ~7",
        "vue": ">= 3.0.0 < 4"
      }
    },
    "../node_modules/.pnpm/@primeuix+themes@2.0.3/node_modules/@primeuix/themes": {
      "version": "2.0.3",
      "license": "MIT",
      "dependencies": {
        "@primeuix/styled": "^0.7.4"
      }
    },
    "../node_modules/.pnpm/@tailwindcss+vite@4.2.1_vit_530f9503e194644a0da491d144255df9/node_modules/@tailwindcss/vite": {
      "version": "4.2.1",
      "license": "MIT",
      "dependencies": {
        "@tailwindcss/node": "4.2.1",
        "@tailwindcss/oxide": "4.2.1",
        "tailwindcss": "4.2.1"
      },
      "devDependencies": {
        "@types/node": "^20.19.0",
        "vite": "^7.3.1"
      },
      "peerDependencies": {
        "vite": "^5.2.0 || ^6 || ^7"
      }
    },
    "../node_modules/.pnpm/@vitejs+plugin-vue@6.0.4_vi_78145e37d163dfde75c3012162219fd5/node_modules/@vitejs/plugin-vue": {
      "version": "6.0.4",
      "license": "MIT",
      "dependencies": {
        "@rolldown/pluginutils": "1.0.0-rc.2"
      },
      "devDependencies": {
        "@jridgewell/gen-mapping": "^0.3.13",
        "@jridgewell/trace-mapping": "^0.3.31",
        "obug": "^2.1.1",
        "rollup": "^4.57.1",
        "slash": "^5.1.0",
        "source-map-js": "^1.2.1",
        "tsdown": "^0.20.1",
        "vite": "^7.3.1",
        "vue": "^3.5.27"
      },
      "engines": {
        "node": "^20.19.0 || >=22.12.0"
      },
      "peerDependencies": {
        "vite": "^5.0.0 || ^6.0.0 || ^7.0.0 || ^8.0.0-0",
        "vue": "^3.2.25"
      }
    },
    "../node_modules/.pnpm/pinia@3.0.4_vue@3.5.29/node_modules/pinia": {
      "version": "3.0.4",
      "license": "MIT",
      "dependencies": {
        "@vue/devtools-api": "^7.7.7"
      },
      "devDependencies": {
        "@microsoft/api-extractor": "7.53.3",
        "@vue/test-utils": "^2.4.6"
      },
      "funding": {
        "url": "https://github.com/sponsors/posva"
      },
      "peerDependencies": {
        "typescript": ">=4.5.0",
        "vue": "^3.5.11"
      },
      "peerDependenciesMeta": {
        "typescript": {
          "optional": true
        }
      }
    },
    "../node_modules/.pnpm/primevue@4.5.4_vue@3.5.29/node_modules/primevue": {
      "version": "4.5.4",
      "license": "MIT",
      "dependencies": {
        "@primeuix/styled": "^0.7.4",
        "@primeuix/styles": "^2.0.2",
        "@primeuix/utils": "^0.6.2",
        "@primevue/core": "4.5.4",
        "@primevue/icons": "4.5.4"
      },
      "engines": {
        "node": ">=12.11.0"
      }
    },
    "../node_modules/.pnpm/sass@1.97.3/node_modules/sass": {
      "version": "1.97.3",
      "license": "MIT",
      "dependencies": {
        "chokidar": "^4.0.0",
        "immutable": "^5.0.2",
        "source-map-js": ">=0.6.2 <2.0.0"
      },
      "bin": {
        "sass": "sass.js"
      },
      "engines": {
        "node": ">=14.0.0"
      },
      "optionalDependencies": {
        "@parcel/watcher": "^2.4.1"
      }
    },
    "../node_modules/.pnpm/tailwindcss@4.2.1/node_modules/tailwindcss": {
      "version": "4.2.1",
      "license": "MIT",
      "devDependencies": {
        "@jridgewell/remapping": "^2.3.5",
        "@tailwindcss/oxide": "^4.2.1",
        "@types/node": "^20.19.0",
        "dedent": "1.7.1",
        "lightningcss": "1.31.1",
        "magic-string": "^0.30.21",
        "source-map-js": "^1.2.1"
      }
    },
    "../node_modules/.pnpm/vite@7.3.1_jiti@2.6.1_light_a7da0ba858e359f059efe3487ce78164/node_modules/vite": {
      "version": "7.3.1",
      "license": "MIT",
      "dependencies": {
        "esbuild": "^0.27.0",
        "fdir": "^6.5.0",
        "picomatch": "^4.0.3",
        "postcss": "^8.5.6",
        "rollup": "^4.43.0",
        "tinyglobby": "^0.2.15"
      },
      "bin": {
        "vite": "bin/vite.js"
      },
      "devDependencies": {
        "@babel/parser": "^7.28.5",
        "@jridgewell/remapping": "^2.3.5",
        "@jridgewell/trace-mapping": "^0.3.31",
        "@oxc-project/types": "0.95.0",
        "@polka/compression": "^1.0.0-next.25",
        "@rolldown/pluginutils": "^1.0.0-beta.52",
        "@rollup/plugin-alias": "^5.1.1",
        "@rollup/plugin-commonjs": "^29.0.0",
        "@rollup/plugin-dynamic-import-vars": "2.1.4",
        "@rollup/pluginutils": "^5.3.0",
        "@types/escape-html": "^1.0.4",
        "@types/pnpapi": "^0.0.5",
        "artichokie": "^0.4.2",
        "baseline-browser-mapping": "^2.8.32",
        "cac": "^6.7.14",
        "chokidar": "^3.6.0",
        "connect": "^3.7.0",
        "convert-source-map": "^2.0.0",
        "cors": "^2.8.5",
        "cross-spawn": "^7.0.6",
        "dotenv": "^17.2.3",
        "dotenv-expand": "^12.0.3",
        "es-module-lexer": "^1.7.0",
        "escape-html": "^1.0.3",
        "estree-walker": "^3.0.3",
        "etag": "^1.8.1",
        "host-validation-middleware": "^0.1.2",
        "http-proxy-3": "^1.22.0",
        "launch-editor-middleware": "^2.12.0",
        "lightningcss": "^1.30.2",
        "magic-string": "^0.30.21",
        "mlly": "^1.8.0",
        "mrmime": "^2.0.1",
        "nanoid": "^5.1.6",
        "obug": "^1.0.2",
        "open": "^10.2.0",
        "parse5": "^8.0.0",
        "pathe": "^2.0.3",
        "periscopic": "^4.0.2",
        "picocolors": "^1.1.1",
        "postcss-import": "^16.1.1",
        "postcss-load-config": "^6.0.1",
        "postcss-modules": "^6.0.1",
        "premove": "^4.0.0",
        "resolve.exports": "^2.0.3",
        "rolldown": "^1.0.0-beta.52",
        "rolldown-plugin-dts": "^0.18.1",
        "rollup-plugin-license": "^3.6.0",
        "sass": "^1.94.2",
        "sass-embedded": "^1.93.3",
        "sirv": "^3.0.2",
        "strip-literal": "^3.1.0",
        "terser": "^5.44.1",
        "tsconfck": "^3.1.6",
        "ufo": "^1.6.1",
        "ws": "^8.18.3"
      },
      "engines": {
        "node": "^20.19.0 || >=22.12.0"
      },
      "funding": {
        "url": "https://github.com/vitejs/vite?sponsor=1"
      },
      "optionalDependencies": {
        "fsevents": "~2.3.3"
      },
      "peerDependencies": {
        "@types/node": "^20.19.0 || >=22.12.0",
        "jiti": ">=1.21.0",
        "less": "^4.0.0",
        "lightningcss": "^1.21.0",
        "sass": "^1.70.0",
        "sass-embedded": "^1.70.0",
        "stylus": ">=0.54.8",
        "sugarss": "^5.0.0",
        "terser": "^5.16.0",
        "tsx": "^4.8.1",
        "yaml": "^2.4.2"
      },
      "peerDependenciesMeta": {
        "@types/node": {
          "optional": true
        },
        "jiti": {
          "optional": true
        },
        "less": {
          "optional": true
        },
        "lightningcss": {
          "optional": true
        },
        "sass": {
          "optional": true
        },
        "sass-embedded": {
          "optional": true
        },
        "stylus": {
          "optional": true
        },
        "sugarss": {
          "optional": true
        },
        "terser": {
          "optional": true
        },
        "tsx": {
          "optional": true
        },
        "yaml": {
          "optional": true
        }
      }
    },
    "../node_modules/.pnpm/vue-router@5.0.3_@vue+compi_03117a089ea4db7893c30471656df831/node_modules/vue-router": {
      "version": "5.0.3",
      "license": "MIT",
      "dependencies": {
        "@babel/generator": "^7.28.6",
        "@vue-macros/common": "^3.1.1",
        "@vue/devtools-api": "^8.0.6",
        "ast-walker-scope": "^0.8.3",
        "chokidar": "^5.0.0",
        "json5": "^2.2.3",
        "local-pkg": "^1.1.2",
        "magic-string": "^0.30.21",
        "mlly": "^1.8.0",
        "muggle-string": "^0.4.1",
        "pathe": "^2.0.3",
        "picomatch": "^4.0.3",
        "scule": "^1.3.0",
        "tinyglobby": "^0.2.15",
        "unplugin": "^3.0.0",
        "unplugin-utils": "^0.3.1",
        "yaml": "^2.8.2"
      },
      "devDependencies": {
        "@babel/types": "^7.29.0",
        "@pinia/colada": "^0.21.2",
        "@playwright/test": "^1.58.1",
        "@rollup/plugin-commonjs": "^28.0.9",
        "@rollup/plugin-node-resolve": "^16.0.3",
        "@rollup/plugin-replace": "^6.0.3",
        "@rollup/plugin-terser": "^0.4.4",
        "@types/babel__generator": "^7.27.0",
        "@types/nightwatch": "^2.3.32",
        "@types/picomatch": "^4.0.2",
        "@typescript/native-preview": "7.0.0-dev.20260106.1",
        "@vitejs/plugin-vue": "^6.0.4",
        "@vue/compiler-sfc": "3.6.0-beta.2",
        "@vue/language-core": "^3.2.1",
        "@vue/server-renderer": "3.6.0-beta.2",
        "@vue/test-utils": "^2.4.6",
        "browserstack-local": "^1.5.8",
        "chromedriver": "^144.0.1",
        "connect-history-api-fallback": "^2.0.0",
        "dotenv": "^17.2.3",
        "faked-promise": "^2.2.2",
        "geckodriver": "^6.1.0",
        "happy-dom": "^20.5.0",
        "nightwatch": "^3.15.0",
        "nightwatch-helpers": "^1.2.0",
        "pinia": "^3.0.4",
        "rimraf": "^6.1.2",
        "rollup": "^4.57.1",
        "rollup-plugin-typescript2": "^0.36.0",
        "tsdown": "^0.20.1",
        "tsup": "^8.5.1",
        "vite": "^7.3.0",
        "vue": "3.6.0-beta.2"
      },
      "funding": {
        "url": "https://github.com/sponsors/posva"
      },
      "peerDependencies": {
        "@pinia/colada": ">=0.21.2",
        "@vue/compiler-sfc": "^3.5.17",
        "pinia": "^3.0.4",
        "vue": "^3.5.0"
      },
      "peerDependenciesMeta": {
        "@pinia/colada": {
          "optional": true
        },
        "@vue/compiler-sfc": {
          "optional": true
        },
        "pinia": {
          "optional": true
        }
      }
    },
    "../node_modules/.pnpm/vue@3.5.29/node_modules/vue": {
      "version": "3.5.29",
      "license": "MIT",
      "dependencies": {
        "@vue/compiler-dom": "3.5.29",
        "@vue/compiler-sfc": "3.5.29",
        "@vue/runtime-dom": "3.5.29",
        "@vue/server-renderer": "3.5.29",
        "@vue/shared": "3.5.29"
      },
      "peerDependencies": {
        "typescript": "*"
      },
      "peerDependenciesMeta": {
        "typescript": {
          "optional": true
        }
      }
    },
    "../node_modules/.pnpm/xlsx@0.18.5/node_modules/xlsx": {
      "version": "0.18.5",
      "license": "Apache-2.0",
      "dependencies": {
        "adler-32": "~1.3.0",
        "cfb": "~1.2.1",
        "codepage": "~1.15.0",
        "crc-32": "~1.2.1",
        "ssf": "~0.11.2",
        "wmf": "~1.0.1",
        "word": "~0.3.0"
      },
      "bin": {
        "xlsx": "bin/xlsx.njs"
      },
      "devDependencies": {
        "@sheetjs/uglify-js": "~2.7.3",
        "@types/node": "^8.5.9",
        "acorn": "7.4.1",
        "alex": "8.1.1",
        "blanket": "~1.2.3",
        "commander": "~2.17.1",
        "dtslint": "^0.1.2",
        "eslint": "7.23.0",
        "eslint-plugin-html": "^6.1.2",
        "eslint-plugin-json": "^2.1.2",
        "exit-on-epipe": "~1.0.1",
        "fflate": "^0.7.1",
        "jsdom": "~11.1.0",
        "markdown-spellcheck": "^1.3.1",
        "mocha": "~2.5.3",
        "sinon": "^1.17.7",
        "typescript": "2.2.0"
      },
      "engines": {
        "node": ">=0.8"
      }
    },
    "node_modules/@babel/runtime": {
      "version": "7.29.2",
      "resolved": "https://registry.npmjs.org/@babel/runtime/-/runtime-7.29.2.tgz",
      "integrity": "sha512-JiDShH45zKHWyGe4ZNVRrCjBz8Nh9TMmZG1kh4QTK8hCBTWBi8Da+i7s1fJw7/lYpM4ccepSNfqzZ/QvABBi5g==",
      "license": "MIT",
      "engines": {
        "node": ">=6.9.0"
      }
    },
    "node_modules/@fortawesome/fontawesome-svg-core": {
      "resolved": "../node_modules/.pnpm/@fortawesome+fontawesome-svg-core@7.2.0/node_modules/@fortawesome/fontawesome-svg-core",
      "link": true
    },
    "node_modules/@fortawesome/free-regular-svg-icons": {
      "resolved": "../node_modules/.pnpm/@fortawesome+free-regular-svg-icons@7.2.0/node_modules/@fortawesome/free-regular-svg-icons",
      "link": true
    },
    "node_modules/@fortawesome/free-solid-svg-icons": {
      "resolved": "../node_modules/.pnpm/@fortawesome+free-solid-svg-icons@7.2.0/node_modules/@fortawesome/free-solid-svg-icons",
      "link": true
    },
    "node_modules/@fortawesome/vue-fontawesome": {
      "resolved": "../node_modules/.pnpm/@fortawesome+vue-fontawesom_e83514d199278a8057416477f0337fb0/node_modules/@fortawesome/vue-fontawesome",
      "link": true
    },
    "node_modules/@primeuix/themes": {
      "resolved": "../node_modules/.pnpm/@primeuix+themes@2.0.3/node_modules/@primeuix/themes",
      "link": true
    },
    "node_modules/@tailwindcss/vite": {
      "resolved": "../node_modules/.pnpm/@tailwindcss+vite@4.2.1_vit_530f9503e194644a0da491d144255df9/node_modules/@tailwindcss/vite",
      "link": true
    },
    "node_modules/@types/pako": {
      "version": "2.0.4",
      "resolved": "https://registry.npmjs.org/@types/pako/-/pako-2.0.4.tgz",
      "integrity": "sha512-VWDCbrLeVXJM9fihYodcLiIv0ku+AlOa/TQ1SvYOaBuyrSKgEcro95LJyIsJ4vSo6BXIxOKxiJAat04CmST9Fw==",
      "license": "MIT"
    },
    "node_modules/@types/raf": {
      "version": "3.4.3",
      "resolved": "https://registry.npmjs.org/@types/raf/-/raf-3.4.3.tgz",
      "integrity": "sha512-c4YAvMedbPZ5tEyxzQdMoOhhJ4RD3rngZIdwC2/qDN3d7JpEhB6fiBRKVY1lg5B7Wk+uPBjn5f39j1/2MY1oOw==",
      "license": "MIT",
      "optional": true
    },
    "node_modules/@types/trusted-types": {
      "version": "2.0.7",
      "resolved": "https://registry.npmjs.org/@types/trusted-types/-/trusted-types-2.0.7.tgz",
      "integrity": "sha512-ScaPdn1dQczgbl0QFTeTOmVHFULt394XJgOQNoyVhZ6r2vLnMLJfBPd53SB52T/3G36VI1/g2MZaX0cwDuXsfw==",
      "license": "MIT",
      "optional": true
    },
    "node_modules/@vitejs/plugin-vue": {
      "resolved": "../node_modules/.pnpm/@vitejs+plugin-vue@6.0.4_vi_78145e37d163dfde75c3012162219fd5/node_modules/@vitejs/plugin-vue",
      "link": true
    },
    "node_modules/base64-arraybuffer": {
      "version": "1.0.2",
      "resolved": "https://registry.npmjs.org/base64-arraybuffer/-/base64-arraybuffer-1.0.2.tgz",
      "integrity": "sha512-I3yl4r9QB5ZRY3XuJVEPfc2XhZO6YweFPI+UovAzn+8/hb3oJ6lnysaFcjVpkCPfVWFUDvoZ8kmVDP7WyRtYtQ==",
      "license": "MIT",
      "optional": true,
      "engines": {
        "node": ">= 0.6.0"
      }
    },
    "node_modules/canvg": {
      "version": "3.0.11",
      "resolved": "https://registry.npmjs.org/canvg/-/canvg-3.0.11.tgz",
      "integrity": "sha512-5ON+q7jCTgMp9cjpu4Jo6XbvfYwSB2Ow3kzHKfIyJfaCAOHLbdKPQqGKgfED/R5B+3TFFfe8pegYA+b423SRyA==",
      "license": "MIT",
      "optional": true,
      "dependencies": {
        "@babel/runtime": "^7.12.5",
        "@types/raf": "^3.4.0",
        "core-js": "^3.8.3",
        "raf": "^3.4.1",
        "regenerator-runtime": "^0.13.7",
        "rgbcolor": "^1.0.1",
        "stackblur-canvas": "^2.0.0",
        "svg-pathdata": "^6.0.3"
      },
      "engines": {
        "node": ">=10.0.0"
      }
    },
    "node_modules/core-js": {
      "version": "3.49.0",
      "resolved": "https://registry.npmjs.org/core-js/-/core-js-3.49.0.tgz",
      "integrity": "sha512-es1U2+YTtzpwkxVLwAFdSpaIMyQaq0PBgm3YD1W3Qpsn1NAmO3KSgZfu+oGSWVu6NvLHoHCV/aYcsE5wiB7ALg==",
      "hasInstallScript": true,
      "license": "MIT",
      "optional": true,
      "funding": {
        "type": "opencollective",
        "url": "https://opencollective.com/core-js"
      }
    },
    "node_modules/css-line-break": {
      "version": "2.1.0",
      "resolved": "https://registry.npmjs.org/css-line-break/-/css-line-break-2.1.0.tgz",
      "integrity": "sha512-FHcKFCZcAha3LwfVBhCQbW2nCNbkZXn7KVUJcsT5/P8YmfsVja0FMPJr0B903j/E69HUphKiV9iQArX8SDYA4w==",
      "license": "MIT",
      "optional": true,
      "dependencies": {
        "utrie": "^1.0.2"
      }
    },
    "node_modules/dompurify": {
      "version": "3.3.3",
      "resolved": "https://registry.npmjs.org/dompurify/-/dompurify-3.3.3.tgz",
      "integrity": "sha512-Oj6pzI2+RqBfFG+qOaOLbFXLQ90ARpcGG6UePL82bJLtdsa6CYJD7nmiU8MW9nQNOtCHV3lZ/Bzq1X0QYbBZCA==",
      "license": "(MPL-2.0 OR Apache-2.0)",
      "optional": true,
      "optionalDependencies": {
        "@types/trusted-types": "^2.0.7"
      }
    },
    "node_modules/fast-png": {
      "version": "6.4.0",
      "resolved": "https://registry.npmjs.org/fast-png/-/fast-png-6.4.0.tgz",
      "integrity": "sha512-kAqZq1TlgBjZcLr5mcN6NP5Rv4V2f22z00c3g8vRrwkcqjerx7BEhPbOnWCPqaHUl2XWQBJQvOT/FQhdMT7X/Q==",
      "license": "MIT",
      "dependencies": {
        "@types/pako": "^2.0.3",
        "iobuffer": "^5.3.2",
        "pako": "^2.1.0"
      }
    },
    "node_modules/fflate": {
      "version": "0.8.2",
      "resolved": "https://registry.npmjs.org/fflate/-/fflate-0.8.2.tgz",
      "integrity": "sha512-cPJU47OaAoCbg0pBvzsgpTPhmhqI5eJjh/JIu8tPj5q+T7iLvW/JAYUqmE7KOB4R1ZyEhzBaIQpQpardBF5z8A==",
      "license": "MIT"
    },
    "node_modules/html2canvas": {
      "version": "1.4.1",
      "resolved": "https://registry.npmjs.org/html2canvas/-/html2canvas-1.4.1.tgz",
      "integrity": "sha512-fPU6BHNpsyIhr8yyMpTLLxAbkaK8ArIBcmZIRiBLiDhjeqvXolaEmDGmELFuX9I4xDcaKKcJl+TKZLqruBbmWA==",
      "license": "MIT",
      "optional": true,
      "dependencies": {
        "css-line-break": "^2.1.0",
        "text-segmentation": "^1.0.3"
      },
      "engines": {
        "node": ">=8.0.0"
      }
    },
    "node_modules/iobuffer": {
      "version": "5.4.0",
      "resolved": "https://registry.npmjs.org/iobuffer/-/iobuffer-5.4.0.tgz",
      "integrity": "sha512-DRebOWuqDvxunfkNJAlc3IzWIPD5xVxwUNbHr7xKB8E6aLJxIPfNX3CoMJghcFjpv6RWQsrcJbghtEwSPoJqMA==",
      "license": "MIT"
    },
    "node_modules/jspdf": {
      "version": "4.2.1",
      "resolved": "https://registry.npmjs.org/jspdf/-/jspdf-4.2.1.tgz",
      "integrity": "sha512-YyAXyvnmjTbR4bHQRLzex3CuINCDlQnBqoSYyjJwTP2x9jDLuKDzy7aKUl0hgx3uhcl7xzg32agn5vlie6HIlQ==",
      "license": "MIT",
      "dependencies": {
        "@babel/runtime": "^7.28.6",
        "fast-png": "^6.2.0",
        "fflate": "^0.8.1"
      },
      "optionalDependencies": {
        "canvg": "^3.0.11",
        "core-js": "^3.6.0",
        "dompurify": "^3.3.1",
        "html2canvas": "^1.0.0-rc.5"
      }
    },
    "node_modules/jspdf-autotable": {
      "version": "5.0.7",
      "resolved": "https://registry.npmjs.org/jspdf-autotable/-/jspdf-autotable-5.0.7.tgz",
      "integrity": "sha512-2wr7H6liNDBYNwt25hMQwXkEWFOEopgKIvR1Eukuw6Zmprm/ZcnmLTQEjW7Xx3FCbD3v7pflLcnMAv/h1jFDQw==",
      "license": "MIT",
      "peerDependencies": {
        "jspdf": "^2 || ^3 || ^4"
      }
    },
    "node_modules/pako": {
      "version": "2.1.0",
      "resolved": "https://registry.npmjs.org/pako/-/pako-2.1.0.tgz",
      "integrity": "sha512-w+eufiZ1WuJYgPXbV/PO3NCMEc3xqylkKHzp8bxp1uW4qaSNQUkwmLLEc3kKsfz8lpV1F8Ht3U1Cm+9Srog2ug==",
      "license": "(MIT AND Zlib)"
    },
    "node_modules/performance-now": {
      "version": "2.1.0",
      "resolved": "https://registry.npmjs.org/performance-now/-/performance-now-2.1.0.tgz",
      "integrity": "sha512-7EAHlyLHI56VEIdK57uwHdHKIaAGbnXPiw0yWbarQZOKaKpvUIgW0jWRVLiatnM+XXlSwsanIBH/hzGMJulMow==",
      "license": "MIT",
      "optional": true
    },
    "node_modules/pinia": {
      "resolved": "../node_modules/.pnpm/pinia@3.0.4_vue@3.5.29/node_modules/pinia",
      "link": true
    },
    "node_modules/primevue": {
      "resolved": "../node_modules/.pnpm/primevue@4.5.4_vue@3.5.29/node_modules/primevue",
      "link": true
    },
    "node_modules/raf": {
      "version": "3.4.1",
      "resolved": "https://registry.npmjs.org/raf/-/raf-3.4.1.tgz",
      "integrity": "sha512-Sq4CW4QhwOHE8ucn6J34MqtZCeWFP2aQSmrlroYgqAV1PjStIhJXxYuTgUIfkEk7zTLjmIjLmU5q+fbD1NnOJA==",
      "license": "MIT",
      "optional": true,
      "dependencies": {
        "performance-now": "^2.1.0"
      }
    },
    "node_modules/regenerator-runtime": {
      "version": "0.13.11",
      "resolved": "https://registry.npmjs.org/regenerator-runtime/-/regenerator-runtime-0.13.11.tgz",
      "integrity": "sha512-kY1AZVr2Ra+t+piVaJ4gxaFaReZVH40AKNo7UCX6W+dEwBo/2oZJzqfuN1qLq1oL45o56cPaTXELwrTh8Fpggg==",
      "license": "MIT",
      "optional": true
    },
    "node_modules/rgbcolor": {
      "version": "1.0.1",
      "resolved": "https://registry.npmjs.org/rgbcolor/-/rgbcolor-1.0.1.tgz",
      "integrity": "sha512-9aZLIrhRaD97sgVhtJOW6ckOEh6/GnvQtdVNfdZ6s67+3/XwLS9lBcQYzEEhYVeUowN7pRzMLsyGhK2i/xvWbw==",
      "license": "MIT OR SEE LICENSE IN FEEL-FREE.md",
      "optional": true,
      "engines": {
        "node": ">= 0.8.15"
      }
    },
    "node_modules/sass": {
      "resolved": "../node_modules/.pnpm/sass@1.97.3/node_modules/sass",
      "link": true
    },
    "node_modules/stackblur-canvas": {
      "version": "2.7.0",
      "resolved": "https://registry.npmjs.org/stackblur-canvas/-/stackblur-canvas-2.7.0.tgz",
      "integrity": "sha512-yf7OENo23AGJhBriGx0QivY5JP6Y1HbrrDI6WLt6C5auYZXlQrheoY8hD4ibekFKz1HOfE48Ww8kMWMnJD/zcQ==",
      "license": "MIT",
      "optional": true,
      "engines": {
        "node": ">=0.1.14"
      }
    },
    "node_modules/svg-pathdata": {
      "version": "6.0.3",
      "resolved": "https://registry.npmjs.org/svg-pathdata/-/svg-pathdata-6.0.3.tgz",
      "integrity": "sha512-qsjeeq5YjBZ5eMdFuUa4ZosMLxgr5RZ+F+Y1OrDhuOCEInRMA3x74XdBtggJcj9kOeInz0WE+LgCPDkZFlBYJw==",
      "license": "MIT",
      "optional": true,
      "engines": {
        "node": ">=12.0.0"
      }
    },
    "node_modules/tailwindcss": {
      "resolved": "../node_modules/.pnpm/tailwindcss@4.2.1/node_modules/tailwindcss",
      "link": true
    },
    "node_modules/text-segmentation": {
      "version": "1.0.3",
      "resolved": "https://registry.npmjs.org/text-segmentation/-/text-segmentation-1.0.3.tgz",
      "integrity": "sha512-iOiPUo/BGnZ6+54OsWxZidGCsdU8YbE4PSpdPinp7DeMtUJNJBoJ/ouUSTJjHkh1KntHaltHl/gDs2FC4i5+Nw==",
      "license": "MIT",
      "optional": true,
      "dependencies": {
        "utrie": "^1.0.2"
      }
    },
    "node_modules/utrie": {
      "version": "1.0.2",
      "resolved": "https://registry.npmjs.org/utrie/-/utrie-1.0.2.tgz",
      "integrity": "sha512-1MLa5ouZiOmQzUbjbu9VmjLzn1QLXBhwpUa7kdLUQK+KQ5KA9I1vk5U4YHe/X2Ch7PYnJfWuWT+VbuxbGwljhw==",
      "license": "MIT",
      "optional": true,
      "dependencies": {
        "base64-arraybuffer": "^1.0.2"
      }
    },
    "node_modules/vite": {
      "resolved": "../node_modules/.pnpm/vite@7.3.1_jiti@2.6.1_light_a7da0ba858e359f059efe3487ce78164/node_modules/vite",
      "link": true
    },
    "node_modules/vue": {
      "resolved": "../node_modules/.pnpm/vue@3.5.29/node_modules/vue",
      "link": true
    },
    "node_modules/vue-router": {
      "resolved": "../node_modules/.pnpm/vue-router@5.0.3_@vue+compi_03117a089ea4db7893c30471656df831/node_modules/vue-router",
      "link": true
    },
    "node_modules/xlsx": {
      "resolved": "../node_modules/.pnpm/xlsx@0.18.5/node_modules/xlsx",
      "link": true
    }
  }
}
